
Microsoft Visual Studio Solution File, Format Version 12.00
# Visual Studio Version 17
VisualStudioVersion = 17.6.33801.468
MinimumVisualStudioVersion = 10.0.40219.1
Project("{FAE04EC0-301F-11D3-BF4B-00C04F79EFBC}") = "EFInheritanceClassesApp", "EFInheritanceClassesApp\EFInheritanceClassesApp.csproj", "{BFEB3168-DBC3-4B4C-8DED-EF279BC2FAAF}"
EndProject
Global
	GlobalSection(SolutionConfigurationPlatforms) = preSolution
		Debug|Any CPU = Debug|Any CPU
		Release|Any CPU = Release|Any CPU
	EndGlobalSection
	GlobalSection(ProjectConfigurationPlatforms) = postSolution
		{BFEB3168-DBC3-4B4C-8DED-EF279BC2FAAF}.Debug|Any CPU.ActiveCfg = Debug|Any CPU
		{BFEB3168-DBC3-4B4C-8DED-EF279BC2FAAF}.Debug|Any CPU.Build.0 = Debug|Any CPU
		{BFEB3168-DBC3-4B4C-8DED-EF279BC2FAAF}.Release|Any CPU.ActiveCfg = Release|Any CPU
		{BFEB3168-DBC3-4B4C-8DED-EF279BC2FAAF}.Release|Any CPU.Build.0 = Release|Any CPU
	EndGlobalSection
	GlobalSection(SolutionProperties) = preSolution
		HideSolutionNode = FALSE
	EndGlobalSection
	GlobalSection(ExtensibilityGlobals) = postSolution
		SolutionGuid = {A61BD939-5071-4B7A-8BFD-1D03174BE14B}
	EndGlobalSection
EndGlobal
